Microsoft Visual Studio Solution File, Format Version 11.00
# Visual Studio 2008

Project("{B7A1A6E3-61C4-F158-37FB-AE02716C0B6C}") = "Lemmings", "Assembly-CSharp.csproj", "{C99BBE57-C4B6-241E-5172-75FCE085EFC3}"
EndProject
Global
	GlobalSection(SolutionConfigurationPlatforms) = preSolution
		Debug|Any CPU = Debug|Any CPU
		Release|Any CPU = Release|Any CPU
	EndGlobalSection
	GlobalSection(ProjectConfigurationPlatforms) = postSolution
		{C99BBE57-C4B6-241E-5172-75FCE085EFC3}.Debug|Any CPU.ActiveCfg = Debug|Any CPU
		{C99BBE57-C4B6-241E-5172-75FCE085EFC3}.Debug|Any CPU.Build.0 = Debug|Any CPU
		{C99BBE57-C4B6-241E-5172-75FCE085EFC3}.Release|Any CPU.ActiveCfg = Release|Any CPU
		{C99BBE57-C4B6-241E-5172-75FCE085EFC3}.Release|Any CPU.Build.0 = Release|Any CPU
	EndGlobalSection
	GlobalSection(SolutionProperties) = preSolution
		HideSolutionNode = FALSE
	EndGlobalSection
																											GlobalSection(MonoDevelopProperties) = preSolution
		StartupItem = Assembly-CSharp.csproj
		Policies = $0
		$0.TextStylePolicy = $1
		$1.TabsToSpaces = False
		$1.EolMarker = Unix
		$1.inheritsSet = VisualStudio
		$1.inheritsScope = text/plain
		$1.scope = text/x-csharp
		$0.CSharpFormattingPolicy = $2
		$2.IndentSwitchBody = True
		$2.BeforeMethodDeclarationParentheses = False
		$2.BeforeMethodCallParentheses = False
		$2.BeforeConstructorDeclarationParentheses = False
		$2.BeforeDelegateDeclarationParentheses = False
		$2.NewParentheses = False
		$2.inheritsSet = Mono
		$2.inheritsScope = text/x-csharp
		$2.scope = text/x-csharp
		$0.TextStylePolicy = $3
		$3.FileWidth = 120
		$3.TabsToSpaces = False
		$3.EolMarker = Unix
		$3.inheritsSet = VisualStudio
		$3.inheritsScope = text/plain
		$3.scope = text/plain
	EndGlobalSection

EndGlobal
